{
  "requires": true,
  "lockfileVersion": 1,
  "dependencies": {
    "angular": {
      "version": "1.7.0",
      "resolved": "https://registry.npmjs.org/angular/-/angular-1.7.0.tgz",
      "integrity": "sha512-3LboCLjrOuC7dWh953O0+dI3dJ7PexYRSCIrfqoN5qoHyja/wak3eWoxPKb2Sl2qwiPbrUV5KJXwgpUQ48McBQ=="
    },
    "angular-ui-grid": {
      "version": "4.4.11",
      "resolved": "https://registry.npmjs.org/angular-ui-grid/-/angular-ui-grid-4.4.11.tgz",
      "integrity": "sha512-tOZrlgmmV8LXS5yDXxry53uibZxFOC3dNNUOH+5AA0SwVTg1B0rE4+4zdU7NfW6bKClshoPE7mik8/VrS1rXAQ==",
      "requires": {
        "angular": "1.7.0"
      }
    }
  }
}
